// !$*UTF8*$!
{
	archiveVersion = 1;
	classes = {
	};
	objectVersion = 50;
	objects = {

/* Begin PBXBuildFile section */
		2651D1FF2731A63F0073CD6B /* AppDelegate.swift in Sources */ = {isa = PBXBuildFile; fileRef = 2651D1FE2731A63F0073CD6B /* AppDelegate.swift */; };
		2651D2012731A63F0073CD6B /* SceneDelegate.swift in Sources */ = {isa = PBXBuildFile; fileRef = 2651D2002731A63F0073CD6B /* SceneDelegate.swift */; };
		2651D2032731A63F0073CD6B /* ContentView.swift in Sources */ = {isa = PBXBuildFile; fileRef = 2651D2022731A63F0073CD6B /* ContentView.swift */; };
		2651D2052731A6480073CD6B /* Assets.xcassets in Resources */ = {isa = PBXBuildFile; fileRef = 2651D2042731A6480073CD6B /* Assets.xcassets */; };
		2651D2082731A6480073CD6B /* Preview Assets.xcassets in Resources */ = {isa = PBXBuildFile; fileRef = 2651D2072731A6480073CD6B /* Preview Assets.xcassets */; };
		2651D20B2731A6480073CD6B /* LaunchScreen.storyboard in Resources */ = {isa = PBXBuildFile; fileRef = 2651D2092731A6480073CD6B /* LaunchScreen.storyboard */; };
		2651D2162731A6480073CD6B /* I_Am_Rich_SwiftUITests.swift in Sources */ = {isa = PBXBuildFile; fileRef = 2651D2152731A6480073CD6B /* I_Am_Rich_SwiftUITests.swift */; };
		2651D2212731A6480073CD6B /* I_Am_Rich_SwiftUIUITests.swift in Sources */ = {isa = PBXBuildFile; fileRef = 2651D2202731A6480073CD6B /* I_Am_Rich_SwiftUIUITests.swift */; };
/* End PBXBuildFile section */

/* Begin PBXContainerItemProxy section */
		2651D2122731A6480073CD6B /* PBXContainerItemProxy */ = {
			isa = PBXContainerItemProxy;
			containerPortal = 2651D1F32731A63F0073CD6B /* Project object */;
			proxyType = 1;
			remoteGlobalIDString = 2651D1FA2731A63F0073CD6B;
			remoteInfo = "I Am Rich SwiftUI";
		};
		2651D21D2731A6480073CD6B /* PBXContainerItemProxy */ = {
			isa = PBXContainerItemProxy;
			containerPortal = 2651D1F32731A63F0073CD6B /* Project object */;
			proxyType = 1;
			remoteGlobalIDString = 2651D1FA2731A63F0073CD6B;
			remoteInfo = "I Am Rich SwiftUI";
		};
/* End PBXContainerItemProxy section */

/* Begin PBXFileReference section */
		2651D1FB2731A63F0073CD6B /* I Am Rich SwiftUI.app */ = {isa = PBXFileReference; explicitFileType = wrapper.application; includeInIndex = 0; path = "I Am Rich SwiftUI.app"; sourceTree = BUILT_PRODUCTS_DIR; };
		2651D1FE2731A63F0073CD6B /* AppDelegate.swift */ = {isa = PBXFileReference; lastKnownFileType = sourcecode.swift; path = AppDelegate.swift; sourceTree = "<group>"; };
		2651D2002731A63F0073CD6B /* SceneDelegate.swift */ = {isa = PBXFileReference; lastKnownFileType = sourcecode.swift; path = SceneDelegate.swift; sourceTree = "<group>"; };
		2651D2022731A63F0073CD6B /* ContentView.swift */ = {isa = PBXFileReference; lastKnownFileType = sourcecode.swift; path = ContentView.swift; sourceTree = "<group>"; };
		2651D2042731A6480073CD6B /* Assets.xcassets */ = {isa = PBXFileReference; lastKnownFileType = folder.assetcatalog; path = Assets.xcassets; sourceTree = "<group>"; };
		2651D2072731A6480073CD6B /* Preview Assets.xcassets */ = {isa = PBXFileReference; lastKnownFileType = folder.assetcatalog; path = "Preview Assets.xcassets"; sourceTree = "<group>"; };
		2651D20A2731A6480073CD6B /* Base */ = {isa = PBXFileReference; lastKnownFileType = file.storyboard; name = Base; path = Base.lproj/LaunchScreen.storyboard; sourceTree = "<group>"; };
		2651D20C2731A6480073CD6B /* Info.plist */ = {isa = PBXFileReference; lastKnownFileType = text.plist.xml; path = Info.plist; sourceTree = "<group>"; };
		2651D2112731A6480073CD6B /* I Am Rich SwiftUITests.xctest */ = {isa = PBXFileReference; explicitFileType = wrapper.cfbundle; includeInIndex = 0; path = "I Am Rich SwiftUITests.xctest"; sourceTree = BUILT_PRODUCTS_DIR; };
		2651D2152731A6480073CD6B /* I_Am_Rich_SwiftUITests.swift */ = {isa = PBXFileReference; lastKnownFileType = sourcecode.swift; path = I_Am_Rich_SwiftUITests.swift; sourceTree = "<group>"; };
		2651D2172731A6480073CD6B /* Info.plist */ = {isa = PBXFileReference; lastKnownFileType = text.plist.xml; path = Info.plist; sourceTree = "<group>"; };
		2651D21C2731A6480073CD6B /* I Am Rich SwiftUIUITests.xctest */ = {isa = PBXFileReference; explicitFileType = wrapper.cfbundle; includeInIndex = 0; path = "I Am Rich SwiftUIUITests.xctest"; sourceTree = BUILT_PRODUCTS_DIR; };
		2651D2202731A6480073CD6B /* I_Am_Rich_SwiftUIUITests.swift */ = {isa = PBXFileReference; lastKnownFileType = sourcecode.swift; path = I_Am_Rich_SwiftUIUITests.swift; sourceTree = "<group>"; };
		2651D2222731A6480073CD6B /* Info.plist */ = {isa = PBXFileReference; lastKnownFileType = text.plist.xml; path = Info.plist; sourceTree = "<group>"; };
/* End PBXFileReference section */

/* Begin PBXFrameworksBuildPhase section */
		2651D1F82731A63F0073CD6B /* Frameworks */ = {
			isa = PBXFrameworksBuildPhase;
			buildActionMask = 2147483647;
			files = (
			);
			runOnlyForDeploymentPostprocessing = 0;
		};
		2651D20E2731A6480073CD6B /* Frameworks */ = {
			isa = PBXFrameworksBuildPhase;
			buildActionMask = 2147483647;
			files = (
			);
			runOnlyForDeploymentPostprocessing = 0;
		};
		2651D2192731A6480073CD6B /* Frameworks */ = {
			isa = PBXFrameworksBuildPhase;
			buildActionMask = 2147483647;
			files = (
			);
			runOnlyForDeploymentPostprocessing = 0;
		};
/* End PBXFrameworksBuildPhase section */

/* Begin PBXGroup section */
		2651D1F22731A63F0073CD6B = {
			isa = PBXGroup;
			children = (
				2651D1FD2731A63F0073CD6B /* I Am Rich SwiftUI */,
				2651D2142731A6480073CD6B /* I Am Rich SwiftUITests */,
				2651D21F2731A6480073CD6B /* I Am Rich SwiftUIUITests */,
				2651D1FC2731A63F0073CD6B /* Products */,
			);
			sourceTree = "<group>";
		};
		2651D1FC2731A63F0073CD6B /* Products */ = {
			isa = PBXGroup;
			children = (
				2651D1FB2731A63F0073CD6B /* I Am Rich SwiftUI.app */,
				2651D2112731A6480073CD6B /* I Am Rich SwiftUITests.xctest */,
				2651D21C2731A6480073CD6B /* I Am Rich SwiftUIUITests.xctest */,
			);
			name = Products;
			sourceTree = "<group>";
		};
		2651D1FD2731A63F0073CD6B /* I Am Rich SwiftUI */ = {
			isa = PBXGroup;
			children = (
				2651D1FE2731A63F0073CD6B /* AppDelegate.swift */,
				2651D2002731A63F0073CD6B /* SceneDelegate.swift */,
				2651D2022731A63F0073CD6B /* ContentView.swift */,
				2651D2042731A6480073CD6B /* Assets.xcassets */,
				2651D2092731A6480073CD6B /* LaunchScreen.storyboard */,
				2651D20C2731A6480073CD6B /* Info.plist */,
				2651D2062731A6480073CD6B /* Preview Content */,
			);
			path = "I Am Rich SwiftUI";
			sourceTree = "<group>";
		};
		2651D2062731A6480073CD6B /* Preview Content */ = {
			isa = PBXGroup;
			children = (
				2651D2072731A6480073CD6B /* Preview Assets.xcassets */,
			);
			path = "Preview Content";
			sourceTree = "<group>";
		};
		2651D2142731A6480073CD6B /* I Am Rich SwiftUITests */ = {
			isa = PBXGroup;
			children = (
				2651D2152731A6480073CD6B /* I_Am_Rich_SwiftUITests.swift */,
				2651D2172731A6480073CD6B /* Info.plist */,
			);
			path = "I Am Rich SwiftUITests";
			sourceTree = "<group>";
		};
		2651D21F2731A6480073CD6B /* I Am Rich SwiftUIUITests */ = {
			isa = PBXGroup;
			children = (
				2651D2202731A6480073CD6B /* I_Am_Rich_SwiftUIUITests.swift */,
				2651D2222731A6480073CD6B /* Info.plist */,
			);
			path = "I Am Rich SwiftUIUITests";
			sourceTree = "<group>";
		};
/* End PBXGroup section */

/* Begin PBXNativeTarget section */
		2651D1FA2731A63F0073CD6B /* I Am Rich SwiftUI */ = {
			isa = PBXNativeTarget;
			buildConfigurationList = 2651D2252731A6480073CD6B /* Build configuration list for PBXNativeTarget "I Am Rich SwiftUI" */;
			buildPhases = (
				2651D1F72731A63F0073CD6B /* Sources */,
				2651D1F82731A63F0073CD6B /* Frameworks */,
				2651D1F92731A63F0073CD6B /* Resources */,
			);
			buildRules = (
			);
			dependencies = (
			);
			name = "I Am Rich SwiftUI";
			productName = "I Am Rich SwiftUI";
			productReference = 2651D1FB2731A63F0073CD6B /* I Am Rich SwiftUI.app */;
			productType = "com.apple.product-type.application";
		};
		2651D2102731A6480073CD6B /* I Am Rich SwiftUITests */ = {
			isa = PBXNativeTarget;
			buildConfigurationList = 2651D2282731A6480073CD6B /* Build configuration list for PBXNativeTarget "I Am Rich SwiftUITests" */;
			buildPhases = (
				2651D20D2731A6480073CD6B /* Sources */,
				2651D20E2731A6480073CD6B /* Frameworks */,
				2651D20F2731A6480073CD6B /* Resources */,
			);
			buildRules = (
			);
			dependencies = (
				2651D2132731A6480073CD6B /* PBXTargetDependency */,
			);
			name = "I Am Rich SwiftUITests";
			productName = "I Am Rich SwiftUITests";
			productReference = 2651D2112731A6480073CD6B /* I Am Rich SwiftUITests.xctest */;
			productType = "com.apple.product-type.bundle.unit-test";
		};
		2651D21B2731A6480073CD6B /* I Am Rich SwiftUIUITests */ = {
			isa = PBXNativeTarget;
			buildConfigurationList = 2651D22B2731A6480073CD6B /* Build configuration list for PBXNativeTarget "I Am Rich SwiftUIUITests" */;
			buildPhases = (
				2651D2182731A6480073CD6B /* Sources */,
				2651D2192731A6480073CD6B /* Frameworks */,
				2651D21A2731A6480073CD6B /* Resources */,
			);
			buildRules = (
			);
			dependencies = (
				2651D21E2731A6480073CD6B /* PBXTargetDependency */,
			);
			name = "I Am Rich SwiftUIUITests";
			productName = "I Am Rich SwiftUIUITests";
			productReference = 2651D21C2731A6480073CD6B /* I Am Rich SwiftUIUITests.xctest */;
			productType = "com.apple.product-type.bundle.ui-testing";
		};
/* End PBXNativeTarget section */

/* Begin PBXProject section */
		2651D1F32731A63F0073CD6B /* Project object */ = {
			isa = PBXProject;
			attributes = {
				LastSwiftUpdateCheck = 1240;
				LastUpgradeCheck = 1240;
				TargetAttributes = {
					2651D1FA2731A63F0073CD6B = {
						CreatedOnToolsVersion = 12.4;
					};
					2651D2102731A6480073CD6B = {
						CreatedOnToolsVersion = 12.4;
						TestTargetID = 2651D1FA2731A63F0073CD6B;
					};
					2651D21B2731A6480073CD6B = {
						CreatedOnToolsVersion = 12.4;
						TestTargetID = 2651D1FA2731A63F0073CD6B;
					};
				};
			};
			buildConfigurationList = 2651D1F62731A63F0073CD6B /* Build configuration list for PBXProject "I Am Rich SwiftUI" */;
			compatibilityVersion = "Xcode 9.3";
			developmentRegion = en;
			hasScannedForEncodings = 0;
			knownRegions = (
				en,
				Base,
			);
			mainGroup = 2651D1F22731A63F0073CD6B;
			productRefGroup = 2651D1FC2731A63F0073CD6B /* Products */;
			projectDirPath = "";
			projectRoot = "";
			targets = (
				2651D1FA2731A63F0073CD6B /* I Am Rich SwiftUI */,
				2651D2102731A6480073CD6B /* I Am Rich SwiftUITests */,
				2651D21B2731A6480073CD6B /* I Am Rich SwiftUIUITests */,
			);
		};
/* End PBXProject section */

/* Begin PBXResourcesBuildPhase section */
		2651D1F92731A63F0073CD6B /* Resources */ = {
			isa = PBXResourcesBuildPhase;
			buildActionMask = 2147483647;
			files = (
				2651D20B2731A6480073CD6B /* LaunchScreen.storyboard in Resources */,
				2651D2082731A6480073CD6B /* Preview Assets.xcassets in Resources */,
				2651D2052731A6480073CD6B /* Assets.xcassets in Resources */,
			);
			runOnlyForDeploymentPostprocessing = 0;
		};
		2651D20F2731A6480073CD6B /* Resources */ = {
			isa = PBXResourcesBuildPhase;
			buildActionMask = 2147483647;
			files = (
			);
			runOnlyForDeploymentPostprocessing = 0;
		};
		2651D21A2731A6480073CD6B /* Resources */ = {
			isa = PBXResourcesBuildPhase;
			buildActionMask = 2147483647;
			files = (
			);
			runOnlyForDeploymentPostprocessing = 0;
		};
/* End PBXResourcesBuildPhase section */

/* Begin PBXSourcesBuildPhase section */
		2651D1F72731A63F0073CD6B /* Sources */ = {
			isa = PBXSourcesBuildPhase;
			buildActionMask = 2147483647;
			files = (
				2651D1FF2731A63F0073CD6B /* AppDelegate.swift in Sources */,
				2651D2012731A63F0073CD6B /* SceneDelegate.swift in Sources */,
				2651D2032731A63F0073CD6B /* ContentView.swift in Sources */,
			);
			runOnlyForDeploymentPostprocessing = 0;
		};
		2651D20D2731A6480073CD6B /* Sources */ = {
			isa = PBXSourcesBuildPhase;
			buildActionMask = 2147483647;
			files = (
				2651D2162731A6480073CD6B /* I_Am_Rich_SwiftUITests.swift in Sources */,
			);
			runOnlyForDeploymentPostprocessing = 0;
		};
		2651D2182731A6480073CD6B /* Sources */ = {
			isa = PBXSourcesBuildPhase;
			buildActionMask = 2147483647;
			files = (
				2651D2212731A6480073CD6B /* I_Am_Rich_SwiftUIUITests.swift in Sources */,
			);
			runOnlyForDeploymentPostprocessing = 0;
		};
/* End PBXSourcesBuildPhase section */

/* Begin PBXTargetDependency section */
		2651D2132731A6480073CD6B /* PBXTargetDependency */ = {
			isa = PBXTargetDependency;
			target = 2651D1FA2731A63F0073CD6B /* I Am Rich SwiftUI */;
			targetProxy = 2651D2122731A6480073CD6B /* PBXContainerItemProxy */;
		};
		2651D21E2731A6480073CD6B /* PBXTargetDependency */ = {
			isa = PBXTargetDependency;
			target = 2651D1FA2731A63F0073CD6B /* I Am Rich SwiftUI */;
			targetProxy = 2651D21D2731A6480073CD6B /* PBXContainerItemProxy */;
		};
/* End PBXTargetDependency section */

/* Begin PBXVariantGroup section */
		2651D2092731A6480073CD6B /* LaunchScreen.storyboard */ = {
			isa = PBXVariantGroup;
			children = (
				2651D20A2731A6480073CD6B /* Base */,
			);
			name = LaunchScreen.storyboard;
			sourceTree = "<group>";
		};
/* End PBXVariantGroup section */

/* Begin XCBuildConfiguration section */
		2651D2232731A6480073CD6B /* Debug */ = {
			isa = XCBuildConfiguration;
			buildSettings = {
				ALWAYS_SEARCH_USER_PATHS = NO;
				CLANG_ANALYZER_NONNULL = YES;
				CLANG_ANALYZER_NUMBER_OBJECT_CONVERSION = YES_AGGRESSIVE;
				CLANG_CXX_LANGUAGE_STANDARD = "gnu++14";
				CLANG_CXX_LIBRARY = "libc++";
				CLANG_ENABLE_MODULES = YES;
				CLANG_ENABLE_OBJC_ARC = YES;
				CLANG_ENABLE_OBJC_WEAK = YES;
				CLANG_WARN_BLOCK_CAPTURE_AUTORELEASING = YES;
				CLANG_WARN_BOOL_CONVERSION = YES;
				CLANG_WARN_COMMA = YES;
				CLANG_WARN_CONSTANT_CONVERSION = YES;
				CLANG_WARN_DEPRECATED_OBJC_IMPLEMENTATIONS = YES;
				CLANG_WARN_DIRECT_OBJC_ISA_USAGE = YES_ERROR;
				CLANG_WARN_DOCUMENTATION_COMMENTS = YES;
				CLANG_WARN_EMPTY_BODY = YES;
				CLANG_WARN_ENUM_CONVERSION = YES;
				CLANG_WARN_INFINITE_RECURSION = YES;
				CLANG_WARN_INT_CONVERSION = YES;
				CLANG_WARN_NON_LITERAL_NULL_CONVERSION = YES;
				CLANG_WARN_OBJC_IMPLICIT_RETAIN_SELF = YES;
				CLANG_WARN_OBJC_LITERAL_CONVERSION = YES;
				CLANG_WARN_OBJC_ROOT_CLASS = YES_ERROR;
				CLANG_WARN_QUOTED_INCLUDE_IN_FRAMEWORK_HEADER = YES;
				CLANG_WARN_RANGE_LOOP_ANALYSIS = YES;
				CLANG_WARN_STRICT_PROTOTYPES = YES;
				CLANG_WARN_SUSPICIOUS_MOVE = YES;
				CLANG_WARN_UNGUARDED_AVAILABILITY = YES_AGGRESSIVE;
				CLANG_WARN_UNREACHABLE_CODE = YES;
				CLANG_WARN__DUPLICATE_METHOD_MATCH = YES;
				COPY_PHASE_STRIP = NO;
				DEBUG_INFORMATION_FORMAT = dwarf;
				ENABLE_STRICT_OBJC_MSGSEND = YES;
				ENABLE_TESTABILITY = YES;
				GCC_C_LANGUAGE_STANDARD = gnu11;
				GCC_DYNAMIC_NO_PIC = NO;
				GCC_NO_COMMON_BLOCKS = YES;
				GCC_OPTIMIZATION_LEVEL = 0;
				GCC_PREPROCESSOR_DEFINITIONS = (
					"DEBUG=1",
					"$(inherited)",
				);
				GCC_WARN_64_TO_32_BIT_CONVERSION = YES;
				GCC_WARN_ABOUT_RETURN_TYPE = YES_ERROR;
				GCC_WARN_UNDECLARED_SELECTOR = YES;
				GCC_WARN_UNINITIALIZED_AUTOS = YES_AGGRESSIVE;
				GCC_WARN_UNUSED_FUNCTION = YES;
				GCC_WARN_UNUSED_VARIABLE = YES;
				IPHONEOS_DEPLOYMENT_TARGET = 14.4;
				MTL_ENABLE_DEBUG_INFO = INCLUDE_SOURCE;
				MTL_FAST_MATH = YES;
				ONLY_ACTIVE_ARCH = YES;
				SDKROOT = iphoneos;
				SWIFT_ACTIVE_COMPILATION_CONDITIONS = DEBUG;
				SWIFT_OPTIMIZATION_LEVEL = "-Onone";
			};
			name = Debug;
		};
		2651D2242731A6480073CD6B /* Release */ = {
			isa = XCBuildConfiguration;
			buildSettings = {
				ALWAYS_SEARCH_USER_PATHS = NO;
				CLANG_ANALYZER_NONNULL = YES;
				CLANG_ANALYZER_NUMBER_OBJECT_CONVERSION = YES_AGGRESSIVE;
				CLANG_CXX_LANGUAGE_STANDARD = "gnu++14";
				CLANG_CXX_LIBRARY = "libc++";
				CLANG_ENABLE_MODULES = YES;
				CLANG_ENABLE_OBJC_ARC = YES;
				CLANG_ENABLE_OBJC_WEAK = YES;
				CLANG_WARN_BLOCK_CAPTURE_AUTORELEASING = YES;
				CLANG_WARN_BOOL_CONVERSION = YES;
				CLANG_WARN_COMMA = YES;
				CLANG_WARN_CONSTANT_CONVERSION = YES;
				CLANG_WARN_DEPRECATED_OBJC_IMPLEMENTATIONS = YES;
				CLANG_WARN_DIRECT_OBJC_ISA_USAGE = YES_ERROR;
				CLANG_WARN_DOCUMENTATION_COMMENTS = YES;
				CLANG_WARN_EMPTY_BODY = YES;
				CLANG_WARN_ENUM_CONVERSION = YES;
				CLANG_WARN_INFINITE_RECURSION = YES;
				CLANG_WARN_INT_CONVERSION = YES;
				CLANG_WARN_NON_LITERAL_NULL_CONVERSION = YES;
				CLANG_WARN_OBJC_IMPLICIT_RETAIN_SELF = YES;
				CLANG_WARN_OBJC_LITERAL_CONVERSION = YES;
				CLANG_WARN_OBJC_ROOT_CLASS = YES_ERROR;
				CLANG_WARN_QUOTED_INCLUDE_IN_FRAMEWORK_HEADER = YES;
				CLANG_WARN_RANGE_LOOP_ANALYSIS = YES;
				CLANG_WARN_STRICT_PROTOTYPES = YES;
				CLANG_WARN_SUSPICIOUS_MOVE = YES;
				CLANG_WARN_UNGUARDED_AVAILABILITY = YES_AGGRESSIVE;
				CLANG_WARN_UNREACHABLE_CODE = YES;
				CLANG_WARN__DUPLICATE_METHOD_MATCH = YES;
				COPY_PHASE_STRIP = NO;
				DEBUG_INFORMATION_FORMAT = "dwarf-with-dsym";
				ENABLE_NS_ASSERTIONS = NO;
				ENABLE_STRICT_OBJC_MSGSEND = YES;
				GCC_C_LANGUAGE_STANDARD = gnu11;
				GCC_NO_COMMON_BLOCKS = YES;
				GCC_WARN_64_TO_32_BIT_CONVERSION = YES;
				GCC_WARN_ABOUT_RETURN_TYPE = YES_ERROR;
				GCC_WARN_UNDECLARED_SELECTOR = YES;
				GCC_WARN_UNINITIALIZED_AUTOS = YES_AGGRESSIVE;
				GCC_WARN_UNUSED_FUNCTION = YES;
				GCC_WARN_UNUSED_VARIABLE = YES;
				IPHONEOS_DEPLOYMENT_TARGET = 14.4;
				MTL_ENABLE_DEBUG_INFO = NO;
				MTL_FAST_MATH = YES;
				SDKROOT = iphoneos;
				SWIFT_COMPILATION_MODE = wholemodule;
				SWIFT_OPTIMIZATION_LEVEL = "-O";
				VALIDATE_PRODUCT = YES;
			};
			name = Release;
		};
		2651D2262731A6480073CD6B /* Debug */ = {
			isa = XCBuildConfiguration;
			buildSettings = {
				ASSETCATALOG_COMPILER_APPICON_NAME = AppIcon;
				ASSETCATALOG_COMPILER_GLOBAL_ACCENT_COLOR_NAME = AccentColor;
				CODE_SIGN_STYLE = Automatic;
				DEVELOPMENT_ASSET_PATHS = "\"I Am Rich SwiftUI/Preview Content\"";
				ENABLE_PREVIEWS = YES;
				INFOPLIST_FILE = "I Am Rich SwiftUI/Info.plist";
				LD_RUNPATH_SEARCH_PATHS = (
					"$(inherited)",
					"@executable_path/Frameworks",
				);
				PRODUCT_BUNDLE_IDENTIFIER = "com.b7s.I-Am-Rich-SwiftUI";
				PRODUCT_NAME = "$(TARGET_NAME)";
				SWIFT_VERSION = 5.0;
				TARGETED_DEVICE_FAMILY = "1,2";
			};
			name = Debug;
		};
		2651D2272731A6480073CD6B /* Release */ = {
			isa = XCBuildConfiguration;
			buildSettings = {
				ASSETCATALOG_COMPILER_APPICON_NAME = AppIcon;
				ASSETCATALOG_COMPILER_GLOBAL_ACCENT_COLOR_NAME = AccentColor;
				CODE_SIGN_STYLE = Automatic;
				DEVELOPMENT_ASSET_PATHS = "\"I Am Rich SwiftUI/Preview Content\"";
				ENABLE_PREVIEWS = YES;
				INFOPLIST_FILE = "I Am Rich SwiftUI/Info.plist";
				LD_RUNPATH_SEARCH_PATHS = (
					"$(inherited)",
					"@executable_path/Frameworks",
				);
				PRODUCT_BUNDLE_IDENTIFIER = "com.b7s.I-Am-Rich-SwiftUI";
				PRODUCT_NAME = "$(TARGET_NAME)";
				SWIFT_VERSION = 5.0;
				TARGETED_DEVICE_FAMILY = "1,2";
			};
			name = Release;
		};
		2651D2292731A6480073CD6B /* Debug */ = {
			isa = XCBuildConfiguration;
			buildSettings = {
				ALWAYS_EMBED_SWIFT_STANDARD_LIBRARIES = YES;
				BUNDLE_LOADER = "$(TEST_HOST)";
				CODE_SIGN_STYLE = Automatic;
				INFOPLIST_FILE = "I Am Rich SwiftUITests/Info.plist";
				IPHONEOS_DEPLOYMENT_TARGET = 14.4;
				LD_RUNPATH_SEARCH_PATHS = (
					"$(inherited)",
					"@executable_path/Frameworks",
					"@loader_path/Frameworks",
				);
				PRODUCT_BUNDLE_IDENTIFIER = "com.b7s.I-Am-Rich-SwiftUITests";
				PRODUCT_NAME = "$(TARGET_NAME)";
				SWIFT_VERSION = 5.0;
				TARGETED_DEVICE_FAMILY = "1,2";
				TEST_HOST = "$(BUILT_PRODUCTS_DIR)/I Am Rich SwiftUI.app/I Am Rich SwiftUI";
			};
			name = Debug;
		};
		2651D22A2731A6480073CD6B /* Release */ = {
			isa = XCBuildConfiguration;
			buildSettings = {
				ALWAYS_EMBED_SWIFT_STANDARD_LIBRARIES = YES;
				BUNDLE_LOADER = "$(TEST_HOST)";
				CODE_SIGN_STYLE = Automatic;
				INFOPLIST_FILE = "I Am Rich SwiftUITests/Info.plist";
				IPHONEOS_DEPLOYMENT_TARGET = 14.4;
				LD_RUNPATH_SEARCH_PATHS = (
					"$(inherited)",
					"@executable_path/Frameworks",
					"@loader_path/Frameworks",
				);
				PRODUCT_BUNDLE_IDENTIFIER = "com.b7s.I-Am-Rich-SwiftUITests";
				PRODUCT_NAME = "$(TARGET_NAME)";
				SWIFT_VERSION = 5.0;
				TARGETED_DEVICE_FAMILY = "1,2";
				TEST_HOST = "$(BUILT_PRODUCTS_DIR)/I Am Rich SwiftUI.app/I Am Rich SwiftUI";
			};
			name = Release;
		};
		2651D22C2731A6480073CD6B /* Debug */ = {
			isa = XCBuildConfiguration;
			buildSettings = {
				ALWAYS_EMBED_SWIFT_STANDARD_LIBRARIES = YES;
				CODE_SIGN_STYLE = Automatic;
				INFOPLIST_FILE = "I Am Rich SwiftUIUITests/Info.plist";
				LD_RUNPATH_SEARCH_PATHS = (
					"$(inherited)",
					"@executable_path/Frameworks",
					"@loader_path/Frameworks",
				);
				PRODUCT_BUNDLE_IDENTIFIER = "com.b7s.I-Am-Rich-SwiftUIUITests";
				PRODUCT_NAME = "$(TARGET_NAME)";
				SWIFT_VERSION = 5.0;
				TARGETED_DEVICE_FAMILY = "1,2";
				TEST_TARGET_NAME = "I Am Rich SwiftUI";
			};
			name = Debug;
		};
		2651D22D2731A6480073CD6B /* Release */ = {
			isa = XCBuildConfiguration;
			buildSettings = {
				ALWAYS_EMBED_SWIFT_STANDARD_LIBRARIES = YES;
				CODE_SIGN_STYLE = Automatic;
				INFOPLIST_FILE = "I Am Rich SwiftUIUITests/Info.plist";
				LD_RUNPATH_SEARCH_PATHS = (
					"$(inherited)",
					"@executable_path/Frameworks",
					"@loader_path/Frameworks",
				);
				PRODUCT_BUNDLE_IDENTIFIER = "com.b7s.I-Am-Rich-SwiftUIUITests";
				PRODUCT_NAME = "$(TARGET_NAME)";
				SWIFT_VERSION = 5.0;
				TARGETED_DEVICE_FAMILY = "1,2";
				TEST_TARGET_NAME = "I Am Rich SwiftUI";
			};
			name = Release;
		};
/* End XCBuildConfiguration section */

/* Begin XCConfigurationList section */
		2651D1F62731A63F0073CD6B /* Build configuration list for PBXProject "I Am Rich SwiftUI" */ = {
			isa = XCConfigurationList;
			buildConfigurations = (
				2651D2232731A6480073CD6B /* Debug */,
				2651D2242731A6480073CD6B /* Release */,
			);
			defaultConfigurationIsVisible = 0;
			defaultConfigurationName = Release;
		};
		2651D2252731A6480073CD6B /* Build configuration list for PBXNativeTarget "I Am Rich SwiftUI" */ = {
			isa = XCConfigurationList;
			buildConfigurations = (
				2651D2262731A6480073CD6B /* Debug */,
				2651D2272731A6480073CD6B /* Release */,
			);
			defaultConfigurationIsVisible = 0;
			defaultConfigurationName = Release;
		};
		2651D2282731A6480073CD6B /* Build configuration list for PBXNativeTarget "I Am Rich SwiftUITests" */ = {
			isa = XCConfigurationList;
			buildConfigurations = (
				2651D2292731A6480073CD6B /* Debug */,
				2651D22A2731A6480073CD6B /* Release */,
			);
			defaultConfigurationIsVisible = 0;
			defaultConfigurationName = Release;
		};
		2651D22B2731A6480073CD6B /* Build configuration list for PBXNativeTarget "I Am Rich SwiftUIUITests" */ = {
			isa = XCConfigurationList;
			buildConfigurations = (
				2651D22C2731A6480073CD6B /* Debug */,
				2651D22D2731A6480073CD6B /* Release */,
			);
			defaultConfigurationIsVisible = 0;
			defaultConfigurationName = Release;
		};
/* End XCConfigurationList section */
	};
	rootObject = 2651D1F32731A63F0073CD6B /* Project object */;
}
